
Microsoft Visual Studio Solution File, Format Version 12.00
# Visual Studio 14
VisualStudioVersion = 14.0.25123.0
MinimumVisualStudioVersion = 10.0.40219.1
Project("{FAE04EC0-301F-11D3-BF4B-00C04F79EFBC}") = "WindowsFirewallDashboard", "WindowsFirewallDashboard\WindowsFirewallDashboard.csproj", "{9F7454DF-4E63-46EE-9B4C-39D0AF7C866E}"
EndProject
Project("{FAE04EC0-301F-11D3-BF4B-00C04F79EFBC}") = "WindowsAdvancedFirewallApi", "WindowsAdvancedFirewallApi\WindowsAdvancedFirewallApi.csproj", "{A600B42F-23A8-4FBF-A4D1-4FD264C9ED43}"
EndProject
Project("{2150E333-8FDC-42A3-9474-1A3956D46DE8}") = "Solution Items", "Solution Items", "{517CEC21-A90A-4AAE-A485-4A5F9A0A36B2}"
	ProjectSection(SolutionItems) = preProject
		.editorconfig = .editorconfig
		.gitattributes = .gitattributes
		.gitignore = .gitignore
		appveyor.reference.yml = appveyor.reference.yml
		appveyor.yml = appveyor.yml
		LICENSE = LICENSE
		LICENSE.md = LICENSE.md
		README.md = README.md
	EndProjectSection
EndProject
Project("{FAE04EC0-301F-11D3-BF4B-00C04F79EFBC}") = "GitHubUpdateManger.NET", "GitHubUpdateManger.NET\GitHubUpdateManger.NET.csproj", "{555F5A60-1AAD-47B5-B51F-9803DA91C5F5}"
EndProject
Project("{FAE04EC0-301F-11D3-BF4B-00C04F79EFBC}") = "WindowsFirewallCore", "WindowsFirewallCore\WindowsFirewallCore.csproj", "{329D8EC7-9D9D-46CF-B93C-849A912D7C66}"
EndProject
Project("{FAE04EC0-301F-11D3-BF4B-00C04F79EFBC}") = "WindowsFirewallShellExtension", "WindowsFirewallShellExtension\WindowsFirewallShellExtension.csproj", "{46F23EE1-5F6A-4E56-88F7-DC9F1CC88FFB}"
EndProject
Project("{2150E333-8FDC-42A3-9474-1A3956D46DE8}") = "Documentation", "Documentation", "{88928D28-F442-4176-90AE-D48F720A6B4A}"
	ProjectSection(SolutionItems) = preProject
		Documentation\First_impressions.md = Documentation\First_impressions.md
	EndProjectSection
EndProject
Project("{2150E333-8FDC-42A3-9474-1A3956D46DE8}") = "Screenshots", "Screenshots", "{847E0DC2-E03A-4159-B305-0E2435364D54}"
	ProjectSection(SolutionItems) = preProject
		Documentation\Screenshots\Events.png = Documentation\Screenshots\Events.png
		Documentation\Screenshots\Overview.png = Documentation\Screenshots\Overview.png
		Documentation\Screenshots\Rules.png = Documentation\Screenshots\Rules.png
		Documentation\Screenshots\Settings.png = Documentation\Screenshots\Settings.png
	EndProjectSection
EndProject
Global
	GlobalSection(SolutionConfigurationPlatforms) = preSolution
		Debug as different User|Any CPU = Debug as different User|Any CPU
		Debug as different User|x64 = Debug as different User|x64
		Debug as different User|x86 = Debug as different User|x86
		Debug|Any CPU = Debug|Any CPU
		Debug|x64 = Debug|x64
		Debug|x86 = Debug|x86
		Release|Any CPU = Release|Any CPU
		Release|x64 = Release|x64
		Release|x86 = Release|x86
	EndGlobalSection
	GlobalSection(ProjectConfigurationPlatforms) = postSolution
		{9F7454DF-4E63-46EE-9B4C-39D0AF7C866E}.Debug as different User|Any CPU.ActiveCfg = Debug as different User|Any CPU
		{9F7454DF-4E63-46EE-9B4C-39D0AF7C866E}.Debug as different User|Any CPU.Build.0 = Debug as different User|Any CPU
		{9F7454DF-4E63-46EE-9B4C-39D0AF7C866E}.Debug as different User|x64.ActiveCfg = Debug as different User|x64
		{9F7454DF-4E63-46EE-9B4C-39D0AF7C866E}.Debug as different User|x64.Build.0 = Debug as different User|x64
		{9F7454DF-4E63-46EE-9B4C-39D0AF7C866E}.Debug as different User|x86.ActiveCfg = Debug as different User|x86
		{9F7454DF-4E63-46EE-9B4C-39D0AF7C866E}.Debug as different User|x86.Build.0 = Debug as different User|x86
		{9F7454DF-4E63-46EE-9B4C-39D0AF7C866E}.Debug|Any CPU.ActiveCfg = Debug|Any CPU
		{9F7454DF-4E63-46EE-9B4C-39D0AF7C866E}.Debug|Any CPU.Build.0 = Debug|Any CPU
		{9F7454DF-4E63-46EE-9B4C-39D0AF7C866E}.Debug|x64.ActiveCfg = Debug|x64
		{9F7454DF-4E63-46EE-9B4C-39D0AF7C866E}.Debug|x64.Build.0 = Debug|x64
		{9F7454DF-4E63-46EE-9B4C-39D0AF7C866E}.Debug|x86.ActiveCfg = Debug|x86
		{9F7454DF-4E63-46EE-9B4C-39D0AF7C866E}.Debug|x86.Build.0 = Debug|x86
		{9F7454DF-4E63-46EE-9B4C-39D0AF7C866E}.Release|Any CPU.ActiveCfg = Release|Any CPU
		{9F7454DF-4E63-46EE-9B4C-39D0AF7C866E}.Release|Any CPU.Build.0 = Release|Any CPU
		{9F7454DF-4E63-46EE-9B4C-39D0AF7C866E}.Release|x64.ActiveCfg = Release|x64
		{9F7454DF-4E63-46EE-9B4C-39D0AF7C866E}.Release|x64.Build.0 = Release|x64
		{9F7454DF-4E63-46EE-9B4C-39D0AF7C866E}.Release|x86.ActiveCfg = Release|x86
		{9F7454DF-4E63-46EE-9B4C-39D0AF7C866E}.Release|x86.Build.0 = Release|x86
		{A600B42F-23A8-4FBF-A4D1-4FD264C9ED43}.Debug as different User|Any CPU.ActiveCfg = Debug as different User|Any CPU
		{A600B42F-23A8-4FBF-A4D1-4FD264C9ED43}.Debug as different User|Any CPU.Build.0 = Debug as different User|Any CPU
		{A600B42F-23A8-4FBF-A4D1-4FD264C9ED43}.Debug as different User|x64.ActiveCfg = Debug as different User|x64
		{A600B42F-23A8-4FBF-A4D1-4FD264C9ED43}.Debug as different User|x64.Build.0 = Debug as different User|x64
		{A600B42F-23A8-4FBF-A4D1-4FD264C9ED43}.Debug as different User|x86.ActiveCfg = Debug as different User|x86
		{A600B42F-23A8-4FBF-A4D1-4FD264C9ED43}.Debug as different User|x86.Build.0 = Debug as different User|x86
		{A600B42F-23A8-4FBF-A4D1-4FD264C9ED43}.Debug|Any CPU.ActiveCfg = Debug|Any CPU
		{A600B42F-23A8-4FBF-A4D1-4FD264C9ED43}.Debug|Any CPU.Build.0 = Debug|Any CPU
		{A600B42F-23A8-4FBF-A4D1-4FD264C9ED43}.Debug|x64.ActiveCfg = Debug|x64
		{A600B42F-23A8-4FBF-A4D1-4FD264C9ED43}.Debug|x64.Build.0 = Debug|x64
		{A600B42F-23A8-4FBF-A4D1-4FD264C9ED43}.Debug|x86.ActiveCfg = Debug|x86
		{A600B42F-23A8-4FBF-A4D1-4FD264C9ED43}.Debug|x86.Build.0 = Debug|x86
		{A600B42F-23A8-4FBF-A4D1-4FD264C9ED43}.Release|Any CPU.ActiveCfg = Release|Any CPU
		{A600B42F-23A8-4FBF-A4D1-4FD264C9ED43}.Release|Any CPU.Build.0 = Release|Any CPU
		{A600B42F-23A8-4FBF-A4D1-4FD264C9ED43}.Release|x64.ActiveCfg = Release|x64
		{A600B42F-23A8-4FBF-A4D1-4FD264C9ED43}.Release|x64.Build.0 = Release|x64
		{A600B42F-23A8-4FBF-A4D1-4FD264C9ED43}.Release|x86.ActiveCfg = Release|x86
		{A600B42F-23A8-4FBF-A4D1-4FD264C9ED43}.Release|x86.Build.0 = Release|x86
		{555F5A60-1AAD-47B5-B51F-9803DA91C5F5}.Debug as different User|Any CPU.ActiveCfg = Debug|Any CPU
		{555F5A60-1AAD-47B5-B51F-9803DA91C5F5}.Debug as different User|Any CPU.Build.0 = Debug|Any CPU
		{555F5A60-1AAD-47B5-B51F-9803DA91C5F5}.Debug as different User|x64.ActiveCfg = Debug|Any CPU
		{555F5A60-1AAD-47B5-B51F-9803DA91C5F5}.Debug as different User|x64.Build.0 = Debug|Any CPU
		{555F5A60-1AAD-47B5-B51F-9803DA91C5F5}.Debug as different User|x86.ActiveCfg = Debug|Any CPU
		{555F5A60-1AAD-47B5-B51F-9803DA91C5F5}.Debug as different User|x86.Build.0 = Debug|Any CPU
		{555F5A60-1AAD-47B5-B51F-9803DA91C5F5}.Debug|Any CPU.ActiveCfg = Debug|Any CPU
		{555F5A60-1AAD-47B5-B51F-9803DA91C5F5}.Debug|Any CPU.Build.0 = Debug|Any CPU
		{555F5A60-1AAD-47B5-B51F-9803DA91C5F5}.Debug|x64.ActiveCfg = Debug|Any CPU
		{555F5A60-1AAD-47B5-B51F-9803DA91C5F5}.Debug|x64.Build.0 = Debug|Any CPU
		{555F5A60-1AAD-47B5-B51F-9803DA91C5F5}.Debug|x86.ActiveCfg = Debug|Any CPU
		{555F5A60-1AAD-47B5-B51F-9803DA91C5F5}.Debug|x86.Build.0 = Debug|Any CPU
		{555F5A60-1AAD-47B5-B51F-9803DA91C5F5}.Release|Any CPU.ActiveCfg = Release|Any CPU
		{555F5A60-1AAD-47B5-B51F-9803DA91C5F5}.Release|Any CPU.Build.0 = Release|Any CPU
		{555F5A60-1AAD-47B5-B51F-9803DA91C5F5}.Release|x64.ActiveCfg = Release|Any CPU
		{555F5A60-1AAD-47B5-B51F-9803DA91C5F5}.Release|x64.Build.0 = Release|Any CPU
		{555F5A60-1AAD-47B5-B51F-9803DA91C5F5}.Release|x86.ActiveCfg = Release|Any CPU
		{555F5A60-1AAD-47B5-B51F-9803DA91C5F5}.Release|x86.Build.0 = Release|Any CPU
		{329D8EC7-9D9D-46CF-B93C-849A912D7C66}.Debug as different User|Any CPU.ActiveCfg = Debug as different User|Any CPU
		{329D8EC7-9D9D-46CF-B93C-849A912D7C66}.Debug as different User|Any CPU.Build.0 = Debug as different User|Any CPU
		{329D8EC7-9D9D-46CF-B93C-849A912D7C66}.Debug as different User|x64.ActiveCfg = Debug as different User|x64
		{329D8EC7-9D9D-46CF-B93C-849A912D7C66}.Debug as different User|x64.Build.0 = Debug as different User|x64
		{329D8EC7-9D9D-46CF-B93C-849A912D7C66}.Debug as different User|x86.ActiveCfg = Debug as different User|x86
		{329D8EC7-9D9D-46CF-B93C-849A912D7C66}.Debug as different User|x86.Build.0 = Debug as different User|x86
		{329D8EC7-9D9D-46CF-B93C-849A912D7C66}.Debug|Any CPU.ActiveCfg = Debug|Any CPU
		{329D8EC7-9D9D-46CF-B93C-849A912D7C66}.Debug|Any CPU.Build.0 = Debug|Any CPU
		{329D8EC7-9D9D-46CF-B93C-849A912D7C66}.Debug|x64.ActiveCfg = Debug|x64
		{329D8EC7-9D9D-46CF-B93C-849A912D7C66}.Debug|x64.Build.0 = Debug|x64
		{329D8EC7-9D9D-46CF-B93C-849A912D7C66}.Debug|x86.ActiveCfg = Debug|x86
		{329D8EC7-9D9D-46CF-B93C-849A912D7C66}.Debug|x86.Build.0 = Debug|x86
		{329D8EC7-9D9D-46CF-B93C-849A912D7C66}.Release|Any CPU.ActiveCfg = Release|Any CPU
		{329D8EC7-9D9D-46CF-B93C-849A912D7C66}.Release|Any CPU.Build.0 = Release|Any CPU
		{329D8EC7-9D9D-46CF-B93C-849A912D7C66}.Release|x64.ActiveCfg = Release|x64
		{329D8EC7-9D9D-46CF-B93C-849A912D7C66}.Release|x64.Build.0 = Release|x64
		{329D8EC7-9D9D-46CF-B93C-849A912D7C66}.Release|x86.ActiveCfg = Release|x86
		{329D8EC7-9D9D-46CF-B93C-849A912D7C66}.Release|x86.Build.0 = Release|x86
		{46F23EE1-5F6A-4E56-88F7-DC9F1CC88FFB}.Debug as different User|Any CPU.ActiveCfg = Debug|Any CPU
		{46F23EE1-5F6A-4E56-88F7-DC9F1CC88FFB}.Debug as different User|Any CPU.Build.0 = Debug|Any CPU
		{46F23EE1-5F6A-4E56-88F7-DC9F1CC88FFB}.Debug as different User|x64.ActiveCfg = Debug|Any CPU
		{46F23EE1-5F6A-4E56-88F7-DC9F1CC88FFB}.Debug as different User|x64.Build.0 = Debug|Any CPU
		{46F23EE1-5F6A-4E56-88F7-DC9F1CC88FFB}.Debug as different User|x86.ActiveCfg = Debug|Any CPU
		{46F23EE1-5F6A-4E56-88F7-DC9F1CC88FFB}.Debug as different User|x86.Build.0 = Debug|Any CPU
		{46F23EE1-5F6A-4E56-88F7-DC9F1CC88FFB}.Debug|Any CPU.ActiveCfg = Debug|Any CPU
		{46F23EE1-5F6A-4E56-88F7-DC9F1CC88FFB}.Debug|Any CPU.Build.0 = Debug|Any CPU
		{46F23EE1-5F6A-4E56-88F7-DC9F1CC88FFB}.Debug|x64.ActiveCfg = Debug|Any CPU
		{46F23EE1-5F6A-4E56-88F7-DC9F1CC88FFB}.Debug|x64.Build.0 = Debug|Any CPU
		{46F23EE1-5F6A-4E56-88F7-DC9F1CC88FFB}.Debug|x86.ActiveCfg = Debug|Any CPU
		{46F23EE1-5F6A-4E56-88F7-DC9F1CC88FFB}.Debug|x86.Build.0 = Debug|Any CPU
		{46F23EE1-5F6A-4E56-88F7-DC9F1CC88FFB}.Release|Any CPU.ActiveCfg = Release|Any CPU
		{46F23EE1-5F6A-4E56-88F7-DC9F1CC88FFB}.Release|Any CPU.Build.0 = Release|Any CPU
		{46F23EE1-5F6A-4E56-88F7-DC9F1CC88FFB}.Release|x64.ActiveCfg = Release|Any CPU
		{46F23EE1-5F6A-4E56-88F7-DC9F1CC88FFB}.Release|x64.Build.0 = Release|Any CPU
		{46F23EE1-5F6A-4E56-88F7-DC9F1CC88FFB}.Release|x86.ActiveCfg = Release|Any CPU
		{46F23EE1-5F6A-4E56-88F7-DC9F1CC88FFB}.Release|x86.Build.0 = Release|Any CPU
	EndGlobalSection
	GlobalSection(SolutionProperties) = preSolution
		HideSolutionNode = FALSE
	EndGlobalSection
	GlobalSection(NestedProjects) = preSolution
		{88928D28-F442-4176-90AE-D48F720A6B4A} = {517CEC21-A90A-4AAE-A485-4A5F9A0A36B2}
		{847E0DC2-E03A-4159-B305-0E2435364D54} = {88928D28-F442-4176-90AE-D48F720A6B4A}
	EndGlobalSection
EndGlobal
